
Microsoft Visual Studio Solution File, Format Version 12.00
# Visual Studio Version 16
VisualStudioVersion = 16.0.30804.86
MinimumVisualStudioVersion = 10.0.40219.1
Project("{FAE04EC0-301F-11D3-BF4B-00C04F79EFBC}") = "TrabalhandoComArquivos", "TrabalhandoComArquivos\TrabalhandoComArquivos.csproj", "{1FF1D0D2-6E20-4774-9471-71D7CF11FF05}"
EndProject
Global
	GlobalSection(SolutionConfigurationPlatforms) = preSolution
		Debug|Any CPU = Debug|Any CPU
		Release|Any CPU = Release|Any CPU
	EndGlobalSection
	GlobalSection(ProjectConfigurationPlatforms) = postSolution
		{1FF1D0D2-6E20-4774-9471-71D7CF11FF05}.Debug|Any CPU.ActiveCfg = Debug|Any CPU
		{1FF1D0D2-6E20-4774-9471-71D7CF11FF05}.Debug|Any CPU.Build.0 = Debug|Any CPU
		{1FF1D0D2-6E20-4774-9471-71D7CF11FF05}.Release|Any CPU.ActiveCfg = Release|Any CPU
		{1FF1D0D2-6E20-4774-9471-71D7CF11FF05}.Release|Any CPU.Build.0 = Release|Any CPU
	EndGlobalSection
	GlobalSection(SolutionProperties) = preSolution
		HideSolutionNode = FALSE
	EndGlobalSection
	GlobalSection(ExtensibilityGlobals) = postSolution
		SolutionGuid = {3C92A49F-9C11-4B35-A319-B062C14DF84E}
	EndGlobalSection
EndGlobal
